
Microsoft Visual Studio Solution File, Format Version 12.00
# Visual Studio Version 16
VisualStudioVersion = 16.0.30907.101
MinimumVisualStudioVersion = 10.0.40219.1
Project("{FAE04EC0-301F-11D3-BF4B-00C04F79EFBC}") = "DotNet5WebApp", "DotNet5WebApp\DotNet5WebApp.csproj", "{F357E9AF-27ED-4EFD-907D-8442204E644C}"
EndProject
Global
	GlobalSection(SolutionConfigurationPlatforms) = preSolution
		Debug|Any CPU = Debug|Any CPU
		Release|Any CPU = Release|Any CPU
	EndGlobalSection
	GlobalSection(ProjectConfigurationPlatforms) = postSolution
		{F357E9AF-27ED-4EFD-907D-8442204E644C}.Debug|Any CPU.ActiveCfg = Debug|Any CPU
		{F357E9AF-27ED-4EFD-907D-8442204E644C}.Debug|Any CPU.Build.0 = Debug|Any CPU
		{F357E9AF-27ED-4EFD-907D-8442204E644C}.Release|Any CPU.ActiveCfg = Release|Any CPU
		{F357E9AF-27ED-4EFD-907D-8442204E644C}.Release|Any CPU.Build.0 = Release|Any CPU
	EndGlobalSection
	GlobalSection(SolutionProperties) = preSolution
		HideSolutionNode = FALSE
	EndGlobalSection
	GlobalSection(ExtensibilityGlobals) = postSolution
		SolutionGuid = {FA246EFB-C25C-475E-B512-DB085B24B3AC}
	EndGlobalSection
EndGlobal
